
Microsoft Visual Studio Solution File, Format Version 12.00
# Visual Studio Version 17
VisualStudioVersion = 17.6.33712.159
MinimumVisualStudioVersion = 10.0.40219.1
Project("{FAE04EC0-301F-11D3-BF4B-00C04F79EFBC}") = "DemoDetailsInModal", "DemoDetailsInModal\DemoDetailsInModal.csproj", "{DB076A39-5A97-4F1D-BEAC-B816880FD41F}"
EndProject
Global
	GlobalSection(SolutionConfigurationPlatforms) = preSolution
		Debug|Any CPU = Debug|Any CPU
		Release|Any CPU = Release|Any CPU
	EndGlobalSection
	GlobalSection(ProjectConfigurationPlatforms) = postSolution
		{DB076A39-5A97-4F1D-BEAC-B816880FD41F}.Debug|Any CPU.ActiveCfg = Debug|Any CPU
		{DB076A39-5A97-4F1D-BEAC-B816880FD41F}.Debug|Any CPU.Build.0 = Debug|Any CPU
		{DB076A39-5A97-4F1D-BEAC-B816880FD41F}.Release|Any CPU.ActiveCfg = Release|Any CPU
		{DB076A39-5A97-4F1D-BEAC-B816880FD41F}.Release|Any CPU.Build.0 = Release|Any CPU
	EndGlobalSection
	GlobalSection(SolutionProperties) = preSolution
		HideSolutionNode = FALSE
	EndGlobalSection
	GlobalSection(ExtensibilityGlobals) = postSolution
		SolutionGuid = {ABAFFCE2-4B1C-4D9C-9C3E-518E1483A1AA}
	EndGlobalSection
EndGlobal
